
Microsoft Visual Studio Solution File, Format Version 12.00
# Visual Studio Version 16
VisualStudioVersion = 16.0.31112.23
MinimumVisualStudioVersion = 10.0.40219.1
Project("{FAE04EC0-301F-11D3-BF4B-00C04F79EFBC}") = "vpn.Network", "vpn.Network\vpn.Network.csproj", "{9B83D202-6C08-4650-B0BD-D03F6087F447}"
EndProject
Project("{FAE04EC0-301F-11D3-BF4B-00C04F79EFBC}") = "vpn.Shared", "vpn.Shared\vpn.Shared.csproj", "{4E4AD281-F320-46A5-ACDC-44CB8405098A}"
EndProject
Project("{FAE04EC0-301F-11D3-BF4B-00C04F79EFBC}") = "vpn.Client", "vpn.Client\vpn.Client.csproj", "{1D7AD471-9F95-424F-87C8-281E24A1E901}"
EndProject
Global
	GlobalSection(SolutionConfigurationPlatforms) = preSolution
		Debug|Any CPU = Debug|Any CPU
		Release|Any CPU = Release|Any CPU
	EndGlobalSection
	GlobalSection(ProjectConfigurationPlatforms) = postSolution
		{9B83D202-6C08-4650-B0BD-D03F6087F447}.Debug|Any CPU.ActiveCfg = Debug|Any CPU
		{9B83D202-6C08-4650-B0BD-D03F6087F447}.Debug|Any CPU.Build.0 = Debug|Any CPU
		{9B83D202-6C08-4650-B0BD-D03F6087F447}.Release|Any CPU.ActiveCfg = Release|Any CPU
		{9B83D202-6C08-4650-B0BD-D03F6087F447}.Release|Any CPU.Build.0 = Release|Any CPU
		{4E4AD281-F320-46A5-ACDC-44CB8405098A}.Debug|Any CPU.ActiveCfg = Debug|Any CPU
		{4E4AD281-F320-46A5-ACDC-44CB8405098A}.Debug|Any CPU.Build.0 = Debug|Any CPU
		{4E4AD281-F320-46A5-ACDC-44CB8405098A}.Release|Any CPU.ActiveCfg = Release|Any CPU
		{4E4AD281-F320-46A5-ACDC-44CB8405098A}.Release|Any CPU.Build.0 = Release|Any CPU
		{1D7AD471-9F95-424F-87C8-281E24A1E901}.Debug|Any CPU.ActiveCfg = Debug|Any CPU
		{1D7AD471-9F95-424F-87C8-281E24A1E901}.Debug|Any CPU.Build.0 = Debug|Any CPU
		{1D7AD471-9F95-424F-87C8-281E24A1E901}.Release|Any CPU.ActiveCfg = Release|Any CPU
		{1D7AD471-9F95-424F-87C8-281E24A1E901}.Release|Any CPU.Build.0 = Release|Any CPU
	EndGlobalSection
	GlobalSection(SolutionProperties) = preSolution
		HideSolutionNode = FALSE
	EndGlobalSection
	GlobalSection(ExtensibilityGlobals) = postSolution
		SolutionGuid = {C651D29D-C813-4C40-99F3-E7A9145AA740}
	EndGlobalSection
EndGlobal
